
Microsoft Visual Studio Solution File, Format Version 12.00
# Visual Studio Version 17
VisualStudioVersion = 17.11.35312.102
MinimumVisualStudioVersion = 10.0.40219.1
Project("{9A19103F-16F7-4668-BE54-9A1E7A4F7556}") = "A1Practise25", "A1Practise25.csproj", "{8886538F-9FD4-4A79-BB8A-DC8AD37DF422}"
EndProject
Project("{9A19103F-16F7-4668-BE54-9A1E7A4F7556}") = "A2TypesofVariables", "..\TypesofVariables\A2TypesofVariables.csproj", "{E1D43C3F-BDC0-430A-9EBD-2E3F5CC9DAD9}"
EndProject
Project("{9A19103F-16F7-4668-BE54-9A1E7A4F7556}") = "A3PrintPattern", "..\PrintPatternQ3\A3PrintPattern.csproj", "{93627B54-5965-408D-94E9-F88AD3621B9D}"
EndProject
Project("{9A19103F-16F7-4668-BE54-9A1E7A4F7556}") = "A4", "..\A4\A4.csproj", "{A064ED64-2B88-4479-BE33-BDAE9B513384}"
EndProject
Project("{9A19103F-16F7-4668-BE54-9A1E7A4F7556}") = "A5", "..\A5\A5.csproj", "{40EDC348-185B-43E6-96D5-C947F833CE2D}"
EndProject
Project("{9A19103F-16F7-4668-BE54-9A1E7A4F7556}") = "A6", "..\A6\A6.csproj", "{F8B39C84-1112-4DDB-BEAB-13A3CE8D218D}"
EndProject
Project("{9A19103F-16F7-4668-BE54-9A1E7A4F7556}") = "A7", "..\A7\A7.csproj", "{4A76D7D2-51F8-47D2-A8C2-7618AC0C5D88}"
EndProject
Project("{9A19103F-16F7-4668-BE54-9A1E7A4F7556}") = "A8", "..\A8\A8.csproj", "{F80CC5AA-8E07-48BF-ACC3-50D10DF644FB}"
EndProject
Project("{9A19103F-16F7-4668-BE54-9A1E7A4F7556}") = "A9", "..\A9\A9.csproj", "{822575BA-E39B-408A-BCB4-2750F7BB9828}"
EndProject
Project("{9A19103F-16F7-4668-BE54-9A1E7A4F7556}") = "A10", "..\A10\A10.csproj", "{FE948C9B-5EC9-4290-8A27-C16A9276F500}"
EndProject
Project("{9A19103F-16F7-4668-BE54-9A1E7A4F7556}") = "A11", "..\A11\A11.csproj", "{1331FE16-4876-416E-B604-95A66CDAD708}"
EndProject
Project("{9A19103F-16F7-4668-BE54-9A1E7A4F7556}") = "A12", "..\A12\A12.csproj", "{FF490393-7473-453E-B666-796A91051B4A}"
EndProject
Project("{9A19103F-16F7-4668-BE54-9A1E7A4F7556}") = "A13", "..\A13\A13.csproj", "{FC0CB2A2-CC40-4D89-8EA0-46822BE45469}"
EndProject
Project("{9A19103F-16F7-4668-BE54-9A1E7A4F7556}") = "A14", "..\A14\A14.csproj", "{53C529F1-7FFE-4979-8CA8-F51232F9B8BE}"
EndProject
Project("{FAE04EC0-301F-11D3-BF4B-00C04F79EFBC}") = "A15", "..\A15\A15.csproj", "{98A97103-4464-4F19-904E-41276CA97358}"
EndProject
Project("{FAE04EC0-301F-11D3-BF4B-00C04F79EFBC}") = "A16", "..\A16\A16.csproj", "{5D8DA187-8C7F-4AAA-8881-A8B08D9CD21B}"
EndProject
Project("{FAE04EC0-301F-11D3-BF4B-00C04F79EFBC}") = "A17", "..\A17\A17.csproj", "{A9997DB0-735B-4FA7-8F3F-F74A1980F490}"
EndProject
Project("{FAE04EC0-301F-11D3-BF4B-00C04F79EFBC}") = "A18", "..\A18\A18.csproj", "{306FD413-7F76-46E4-B514-E1B12A6E20A6}"
EndProject
Project("{FAE04EC0-301F-11D3-BF4B-00C04F79EFBC}") = "A19", "..\A19\A19.csproj", "{7A53B93B-8AAE-4150-8C35-70332AAD9F40}"
EndProject
Project("{FAE04EC0-301F-11D3-BF4B-00C04F79EFBC}") = "Aa20", "..\Aa20\Aa20.csproj", "{9B624F85-D26B-4BCC-9536-3AE2E5D7DB86}"
EndProject
Project("{FAE04EC0-301F-11D3-BF4B-00C04F79EFBC}") = "A21", "..\A21\A21.csproj", "{C60B9A60-C193-4A67-84DF-A2F3B66461BA}"
EndProject
Global
	GlobalSection(SolutionConfigurationPlatforms) = preSolution
		Debug|Any CPU = Debug|Any CPU
		Release|Any CPU = Release|Any CPU
	EndGlobalSection
	GlobalSection(ProjectConfigurationPlatforms) = postSolution
		{8886538F-9FD4-4A79-BB8A-DC8AD37DF422}.Debug|Any CPU.ActiveCfg = Debug|Any CPU
		{8886538F-9FD4-4A79-BB8A-DC8AD37DF422}.Debug|Any CPU.Build.0 = Debug|Any CPU
		{8886538F-9FD4-4A79-BB8A-DC8AD37DF422}.Release|Any CPU.ActiveCfg = Release|Any CPU
		{8886538F-9FD4-4A79-BB8A-DC8AD37DF422}.Release|Any CPU.Build.0 = Release|Any CPU
		{E1D43C3F-BDC0-430A-9EBD-2E3F5CC9DAD9}.Debug|Any CPU.ActiveCfg = Debug|Any CPU
		{E1D43C3F-BDC0-430A-9EBD-2E3F5CC9DAD9}.Debug|Any CPU.Build.0 = Debug|Any CPU
		{E1D43C3F-BDC0-430A-9EBD-2E3F5CC9DAD9}.Release|Any CPU.ActiveCfg = Release|Any CPU
		{E1D43C3F-BDC0-430A-9EBD-2E3F5CC9DAD9}.Release|Any CPU.Build.0 = Release|Any CPU
		{93627B54-5965-408D-94E9-F88AD3621B9D}.Debug|Any CPU.ActiveCfg = Debug|Any CPU
		{93627B54-5965-408D-94E9-F88AD3621B9D}.Debug|Any CPU.Build.0 = Debug|Any CPU
		{93627B54-5965-408D-94E9-F88AD3621B9D}.Release|Any CPU.ActiveCfg = Release|Any CPU
		{93627B54-5965-408D-94E9-F88AD3621B9D}.Release|Any CPU.Build.0 = Release|Any CPU
		{A064ED64-2B88-4479-BE33-BDAE9B513384}.Debug|Any CPU.ActiveCfg = Debug|Any CPU
		{A064ED64-2B88-4479-BE33-BDAE9B513384}.Debug|Any CPU.Build.0 = Debug|Any CPU
		{A064ED64-2B88-4479-BE33-BDAE9B513384}.Release|Any CPU.ActiveCfg = Release|Any CPU
		{A064ED64-2B88-4479-BE33-BDAE9B513384}.Release|Any CPU.Build.0 = Release|Any CPU
		{40EDC348-185B-43E6-96D5-C947F833CE2D}.Debug|Any CPU.ActiveCfg = Debug|Any CPU
		{40EDC348-185B-43E6-96D5-C947F833CE2D}.Debug|Any CPU.Build.0 = Debug|Any CPU
		{40EDC348-185B-43E6-96D5-C947F833CE2D}.Release|Any CPU.ActiveCfg = Release|Any CPU
		{40EDC348-185B-43E6-96D5-C947F833CE2D}.Release|Any CPU.Build.0 = Release|Any CPU
		{F8B39C84-1112-4DDB-BEAB-13A3CE8D218D}.Debug|Any CPU.ActiveCfg = Debug|Any CPU
		{F8B39C84-1112-4DDB-BEAB-13A3CE8D218D}.Debug|Any CPU.Build.0 = Debug|Any CPU
		{F8B39C84-1112-4DDB-BEAB-13A3CE8D218D}.Release|Any CPU.ActiveCfg = Release|Any CPU
		{F8B39C84-1112-4DDB-BEAB-13A3CE8D218D}.Release|Any CPU.Build.0 = Release|Any CPU
		{4A76D7D2-51F8-47D2-A8C2-7618AC0C5D88}.Debug|Any CPU.ActiveCfg = Debug|Any CPU
		{4A76D7D2-51F8-47D2-A8C2-7618AC0C5D88}.Debug|Any CPU.Build.0 = Debug|Any CPU
		{4A76D7D2-51F8-47D2-A8C2-7618AC0C5D88}.Release|Any CPU.ActiveCfg = Release|Any CPU
		{4A76D7D2-51F8-47D2-A8C2-7618AC0C5D88}.Release|Any CPU.Build.0 = Release|Any CPU
		{F80CC5AA-8E07-48BF-ACC3-50D10DF644FB}.Debug|Any CPU.ActiveCfg = Debug|Any CPU
		{F80CC5AA-8E07-48BF-ACC3-50D10DF644FB}.Debug|Any CPU.Build.0 = Debug|Any CPU
		{F80CC5AA-8E07-48BF-ACC3-50D10DF644FB}.Release|Any CPU.ActiveCfg = Release|Any CPU
		{F80CC5AA-8E07-48BF-ACC3-50D10DF644FB}.Release|Any CPU.Build.0 = Release|Any CPU
		{822575BA-E39B-408A-BCB4-2750F7BB9828}.Debug|Any CPU.ActiveCfg = Debug|Any CPU
		{822575BA-E39B-408A-BCB4-2750F7BB9828}.Debug|Any CPU.Build.0 = Debug|Any CPU
		{822575BA-E39B-408A-BCB4-2750F7BB9828}.Release|Any CPU.ActiveCfg = Release|Any CPU
		{822575BA-E39B-408A-BCB4-2750F7BB9828}.Release|Any CPU.Build.0 = Release|Any CPU
		{FE948C9B-5EC9-4290-8A27-C16A9276F500}.Debug|Any CPU.ActiveCfg = Debug|Any CPU
		{FE948C9B-5EC9-4290-8A27-C16A9276F500}.Debug|Any CPU.Build.0 = Debug|Any CPU
		{FE948C9B-5EC9-4290-8A27-C16A9276F500}.Release|Any CPU.ActiveCfg = Release|Any CPU
		{FE948C9B-5EC9-4290-8A27-C16A9276F500}.Release|Any CPU.Build.0 = Release|Any CPU
		{1331FE16-4876-416E-B604-95A66CDAD708}.Debug|Any CPU.ActiveCfg = Debug|Any CPU
		{1331FE16-4876-416E-B604-95A66CDAD708}.Debug|Any CPU.Build.0 = Debug|Any CPU
		{1331FE16-4876-416E-B604-95A66CDAD708}.Release|Any CPU.ActiveCfg = Release|Any CPU
		{1331FE16-4876-416E-B604-95A66CDAD708}.Release|Any CPU.Build.0 = Release|Any CPU
		{FF490393-7473-453E-B666-796A91051B4A}.Debug|Any CPU.ActiveCfg = Debug|Any CPU
		{FF490393-7473-453E-B666-796A91051B4A}.Debug|Any CPU.Build.0 = Debug|Any CPU
		{FF490393-7473-453E-B666-796A91051B4A}.Release|Any CPU.ActiveCfg = Release|Any CPU
		{FF490393-7473-453E-B666-796A91051B4A}.Release|Any CPU.Build.0 = Release|Any CPU
		{FC0CB2A2-CC40-4D89-8EA0-46822BE45469}.Debug|Any CPU.ActiveCfg = Debug|Any CPU
		{FC0CB2A2-CC40-4D89-8EA0-46822BE45469}.Debug|Any CPU.Build.0 = Debug|Any CPU
		{FC0CB2A2-CC40-4D89-8EA0-46822BE45469}.Release|Any CPU.ActiveCfg = Release|Any CPU
		{FC0CB2A2-CC40-4D89-8EA0-46822BE45469}.Release|Any CPU.Build.0 = Release|Any CPU
		{53C529F1-7FFE-4979-8CA8-F51232F9B8BE}.Debug|Any CPU.ActiveCfg = Debug|Any CPU
		{53C529F1-7FFE-4979-8CA8-F51232F9B8BE}.Debug|Any CPU.Build.0 = Debug|Any CPU
		{53C529F1-7FFE-4979-8CA8-F51232F9B8BE}.Release|Any CPU.ActiveCfg = Release|Any CPU
		{53C529F1-7FFE-4979-8CA8-F51232F9B8BE}.Release|Any CPU.Build.0 = Release|Any CPU
		{98A97103-4464-4F19-904E-41276CA97358}.Debug|Any CPU.ActiveCfg = Debug|Any CPU
		{98A97103-4464-4F19-904E-41276CA97358}.Debug|Any CPU.Build.0 = Debug|Any CPU
		{98A97103-4464-4F19-904E-41276CA97358}.Release|Any CPU.ActiveCfg = Release|Any CPU
		{98A97103-4464-4F19-904E-41276CA97358}.Release|Any CPU.Build.0 = Release|Any CPU
		{5D8DA187-8C7F-4AAA-8881-A8B08D9CD21B}.Debug|Any CPU.ActiveCfg = Debug|Any CPU
		{5D8DA187-8C7F-4AAA-8881-A8B08D9CD21B}.Debug|Any CPU.Build.0 = Debug|Any CPU
		{5D8DA187-8C7F-4AAA-8881-A8B08D9CD21B}.Release|Any CPU.ActiveCfg = Release|Any CPU
		{5D8DA187-8C7F-4AAA-8881-A8B08D9CD21B}.Release|Any CPU.Build.0 = Release|Any CPU
		{A9997DB0-735B-4FA7-8F3F-F74A1980F490}.Debug|Any CPU.ActiveCfg = Debug|Any CPU
		{A9997DB0-735B-4FA7-8F3F-F74A1980F490}.Debug|Any CPU.Build.0 = Debug|Any CPU
		{A9997DB0-735B-4FA7-8F3F-F74A1980F490}.Release|Any CPU.ActiveCfg = Release|Any CPU
		{A9997DB0-735B-4FA7-8F3F-F74A1980F490}.Release|Any CPU.Build.0 = Release|Any CPU
		{306FD413-7F76-46E4-B514-E1B12A6E20A6}.Debug|Any CPU.ActiveCfg = Debug|Any CPU
		{306FD413-7F76-46E4-B514-E1B12A6E20A6}.Debug|Any CPU.Build.0 = Debug|Any CPU
		{306FD413-7F76-46E4-B514-E1B12A6E20A6}.Release|Any CPU.ActiveCfg = Release|Any CPU
		{306FD413-7F76-46E4-B514-E1B12A6E20A6}.Release|Any CPU.Build.0 = Release|Any CPU
		{7A53B93B-8AAE-4150-8C35-70332AAD9F40}.Debug|Any CPU.ActiveCfg = Debug|Any CPU
		{7A53B93B-8AAE-4150-8C35-70332AAD9F40}.Debug|Any CPU.Build.0 = Debug|Any CPU
		{7A53B93B-8AAE-4150-8C35-70332AAD9F40}.Release|Any CPU.ActiveCfg = Release|Any CPU
		{7A53B93B-8AAE-4150-8C35-70332AAD9F40}.Release|Any CPU.Build.0 = Release|Any CPU
		{9B624F85-D26B-4BCC-9536-3AE2E5D7DB86}.Debug|Any CPU.ActiveCfg = Debug|Any CPU
		{9B624F85-D26B-4BCC-9536-3AE2E5D7DB86}.Debug|Any CPU.Build.0 = Debug|Any CPU
		{9B624F85-D26B-4BCC-9536-3AE2E5D7DB86}.Release|Any CPU.ActiveCfg = Release|Any CPU
		{9B624F85-D26B-4BCC-9536-3AE2E5D7DB86}.Release|Any CPU.Build.0 = Release|Any CPU
		{C60B9A60-C193-4A67-84DF-A2F3B66461BA}.Debug|Any CPU.ActiveCfg = Debug|Any CPU
		{C60B9A60-C193-4A67-84DF-A2F3B66461BA}.Debug|Any CPU.Build.0 = Debug|Any CPU
		{C60B9A60-C193-4A67-84DF-A2F3B66461BA}.Release|Any CPU.ActiveCfg = Release|Any CPU
		{C60B9A60-C193-4A67-84DF-A2F3B66461BA}.Release|Any CPU.Build.0 = Release|Any CPU
	EndGlobalSection
	GlobalSection(SolutionProperties) = preSolution
		HideSolutionNode = FALSE
	EndGlobalSection
	GlobalSection(ExtensibilityGlobals) = postSolution
		SolutionGuid = {602866C9-CC3E-4829-BE6C-D2161D3AE9AC}
	EndGlobalSection
EndGlobal
